// !$*UTF8*$!
{
	archiveVersion = 1;
	classes = {
	};
	objectVersion = 56;
	objects = {

/* Begin PBXBuildFile section */
		C11A4F4528F6EDA800D2FF8F /* CoreDataBootcamp.swift in Sources */ = {isa = PBXBuildFile; fileRef = C11A4F4428F6EDA800D2FF8F /* CoreDataBootcamp.swift */; };
		C11A4F4828F6EE8C00D2FF8F /* FruitContainer.xcdatamodeld in Sources */ = {isa = PBXBuildFile; fileRef = C11A4F4628F6EE8C00D2FF8F /* FruitContainer.xcdatamodeld */; };
		C12C522228F284C000F502D2 /* ContinuedLearningApp.swift in Sources */ = {isa = PBXBuildFile; fileRef = C12C522128F284C000F502D2 /* ContinuedLearningApp.swift */; };
		C12C522428F284C000F502D2 /* ContentView.swift in Sources */ = {isa = PBXBuildFile; fileRef = C12C522328F284C000F502D2 /* ContentView.swift */; };
		C12C522628F284C400F502D2 /* Assets.xcassets in Resources */ = {isa = PBXBuildFile; fileRef = C12C522528F284C400F502D2 /* Assets.xcassets */; };
		C12C522928F284C400F502D2 /* Preview Assets.xcassets in Resources */ = {isa = PBXBuildFile; fileRef = C12C522828F284C400F502D2 /* Preview Assets.xcassets */; };
		C12C523028F2851D00F502D2 /* LongPressGestureView.swift in Sources */ = {isa = PBXBuildFile; fileRef = C12C522F28F2851D00F502D2 /* LongPressGestureView.swift */; };
		C12C523228F2B7A100F502D2 /* MagnificationGestureView.swift in Sources */ = {isa = PBXBuildFile; fileRef = C12C523128F2B7A100F502D2 /* MagnificationGestureView.swift */; };
		C12C523428F2BB4B00F502D2 /* RotationGestureView.swift in Sources */ = {isa = PBXBuildFile; fileRef = C12C523328F2BB4B00F502D2 /* RotationGestureView.swift */; };
		C12C523628F2CBB400F502D2 /* DragGestureView.swift in Sources */ = {isa = PBXBuildFile; fileRef = C12C523528F2CBB400F502D2 /* DragGestureView.swift */; };
		C12C523828F2E3EE00F502D2 /* DragGestureView2.swift in Sources */ = {isa = PBXBuildFile; fileRef = C12C523728F2E3EE00F502D2 /* DragGestureView2.swift */; };
		C12C523A28F2E8AD00F502D2 /* ScrollViewReaderBootcamp.swift in Sources */ = {isa = PBXBuildFile; fileRef = C12C523928F2E8AD00F502D2 /* ScrollViewReaderBootcamp.swift */; };
		C12C523C28F2EC4B00F502D2 /* GeometryReaderBootcamp.swift in Sources */ = {isa = PBXBuildFile; fileRef = C12C523B28F2EC4B00F502D2 /* GeometryReaderBootcamp.swift */; };
		C12C523E28F2F00200F502D2 /* MultipleSheetsBootcamp.swift in Sources */ = {isa = PBXBuildFile; fileRef = C12C523D28F2F00200F502D2 /* MultipleSheetsBootcamp.swift */; };
		C12C524028F31FC400F502D2 /* MaskBootcamp.swift in Sources */ = {isa = PBXBuildFile; fileRef = C12C523F28F31FC400F502D2 /* MaskBootcamp.swift */; };
		C12C524228F3DD3800F502D2 /* SoundBootcamp.swift in Sources */ = {isa = PBXBuildFile; fileRef = C12C524128F3DD3800F502D2 /* SoundBootcamp.swift */; };
		C12C524428F3DF9200F502D2 /* early-morning-sounds.mp3 in Resources */ = {isa = PBXBuildFile; fileRef = C12C524328F3DF9100F502D2 /* early-morning-sounds.mp3 */; };
		C12C524628F3DFFF00F502D2 /* ringing-small-bell-sound-effect.mp3 in Resources */ = {isa = PBXBuildFile; fileRef = C12C524528F3DFFE00F502D2 /* ringing-small-bell-sound-effect.mp3 */; };
		C12C524828F5589F00F502D2 /* HapticsBootcamp.swift in Sources */ = {isa = PBXBuildFile; fileRef = C12C524728F5589F00F502D2 /* HapticsBootcamp.swift */; };
		C12C524A28F55A4D00F502D2 /* LocalNotificationBootcamp.swift in Sources */ = {isa = PBXBuildFile; fileRef = C12C524928F55A4D00F502D2 /* LocalNotificationBootcamp.swift */; };
		C12C524C28F5601100F502D2 /* HashableBootcamp.swift in Sources */ = {isa = PBXBuildFile; fileRef = C12C524B28F5601000F502D2 /* HashableBootcamp.swift */; };
		C12C524E28F5624C00F502D2 /* ArraysBootcamp.swift in Sources */ = {isa = PBXBuildFile; fileRef = C12C524D28F5624C00F502D2 /* ArraysBootcamp.swift */; };
		C13595A728F6F5CE00AEEAC5 /* CoreDataRelationshipBootcamp.swift in Sources */ = {isa = PBXBuildFile; fileRef = C13595A628F6F5CE00AEEAC5 /* CoreDataRelationshipBootcamp.swift */; };
		C17544CC290906BE00E94D71 /* CacheBootcamp.swift in Sources */ = {isa = PBXBuildFile; fileRef = C17544CB290906BE00E94D71 /* CacheBootcamp.swift */; };
		C195AF0D29076E9700C58BC7 /* DownloadWithCombineBootcamp.swift in Sources */ = {isa = PBXBuildFile; fileRef = C195AF0C29076E9700C58BC7 /* DownloadWithCombineBootcamp.swift */; };
		C195AF1029078D7600C58BC7 /* TimerBootcamp.swift in Sources */ = {isa = PBXBuildFile; fileRef = C195AF0F29078D7600C58BC7 /* TimerBootcamp.swift */; };
		C195AF122907A87800C58BC7 /* SubscriberBootcamp.swift in Sources */ = {isa = PBXBuildFile; fileRef = C195AF112907A87800C58BC7 /* SubscriberBootcamp.swift */; };
		C195AF142907B97600C58BC7 /* FileManagerBootcamp.swift in Sources */ = {isa = PBXBuildFile; fileRef = C195AF132907B97600C58BC7 /* FileManagerBootcamp.swift */; };
		C1B4030E28FC5BDB000EDFC5 /* BackgroundThreadBootcamp.swift in Sources */ = {isa = PBXBuildFile; fileRef = C1B4030D28FC5BDB000EDFC5 /* BackgroundThreadBootcamp.swift */; };
		C1B4031028FCFA7C000EDFC5 /* WeakSelfBootcamp.swift in Sources */ = {isa = PBXBuildFile; fileRef = C1B4030F28FCFA7C000EDFC5 /* WeakSelfBootcamp.swift */; };
		C1B4031228FD0A48000EDFC5 /* TypealiasBootcamp.swift in Sources */ = {isa = PBXBuildFile; fileRef = C1B4031128FD0A48000EDFC5 /* TypealiasBootcamp.swift */; };
		C1B4031428FD0CFA000EDFC5 /* EscapingBootcamp.swift in Sources */ = {isa = PBXBuildFile; fileRef = C1B4031328FD0CFA000EDFC5 /* EscapingBootcamp.swift */; };
		C1B4031628FD2329000EDFC5 /* CodableBootcamp.swift in Sources */ = {isa = PBXBuildFile; fileRef = C1B4031528FD2329000EDFC5 /* CodableBootcamp.swift */; };
		C1CC088428FD41BB0048C712 /* DownloadWithEscapingBootcamp.swift in Sources */ = {isa = PBXBuildFile; fileRef = C1CC088328FD41BB0048C712 /* DownloadWithEscapingBootcamp.swift */; };
/* End PBXBuildFile section */

/* Begin PBXFileReference section */
		C11A4F4428F6EDA800D2FF8F /* CoreDataBootcamp.swift */ = {isa = PBXFileReference; lastKnownFileType = sourcecode.swift; path = CoreDataBootcamp.swift; sourceTree = "<group>"; };
		C11A4F4728F6EE8C00D2FF8F /* FruitContainer.xcdatamodel */ = {isa = PBXFileReference; lastKnownFileType = wrapper.xcdatamodel; path = FruitContainer.xcdatamodel; sourceTree = "<group>"; };
		C12C521E28F284C000F502D2 /* ContinuedLearning.app */ = {isa = PBXFileReference; explicitFileType = wrapper.application; includeInIndex = 0; path = ContinuedLearning.app; sourceTree = BUILT_PRODUCTS_DIR; };
		C12C522128F284C000F502D2 /* ContinuedLearningApp.swift */ = {isa = PBXFileReference; lastKnownFileType = sourcecode.swift; path = ContinuedLearningApp.swift; sourceTree = "<group>"; };
		C12C522328F284C000F502D2 /* ContentView.swift */ = {isa = PBXFileReference; lastKnownFileType = sourcecode.swift; path = ContentView.swift; sourceTree = "<group>"; };
		C12C522528F284C400F502D2 /* Assets.xcassets */ = {isa = PBXFileReference; lastKnownFileType = folder.assetcatalog; path = Assets.xcassets; sourceTree = "<group>"; };
		C12C522828F284C400F502D2 /* Preview Assets.xcassets */ = {isa = PBXFileReference; lastKnownFileType = folder.assetcatalog; path = "Preview Assets.xcassets"; sourceTree = "<group>"; };
		C12C522F28F2851D00F502D2 /* LongPressGestureView.swift */ = {isa = PBXFileReference; lastKnownFileType = sourcecode.swift; path = LongPressGestureView.swift; sourceTree = "<group>"; };
		C12C523128F2B7A100F502D2 /* MagnificationGestureView.swift */ = {isa = PBXFileReference; lastKnownFileType = sourcecode.swift; path = MagnificationGestureView.swift; sourceTree = "<group>"; };
		C12C523328F2BB4B00F502D2 /* RotationGestureView.swift */ = {isa = PBXFileReference; lastKnownFileType = sourcecode.swift; path = RotationGestureView.swift; sourceTree = "<group>"; };
		C12C523528F2CBB400F502D2 /* DragGestureView.swift */ = {isa = PBXFileReference; lastKnownFileType = sourcecode.swift; path = DragGestureView.swift; sourceTree = "<group>"; };
		C12C523728F2E3EE00F502D2 /* DragGestureView2.swift */ = {isa = PBXFileReference; lastKnownFileType = sourcecode.swift; path = DragGestureView2.swift; sourceTree = "<group>"; };
		C12C523928F2E8AD00F502D2 /* ScrollViewReaderBootcamp.swift */ = {isa = PBXFileReference; lastKnownFileType = sourcecode.swift; path = ScrollViewReaderBootcamp.swift; sourceTree = "<group>"; };
		C12C523B28F2EC4B00F502D2 /* GeometryReaderBootcamp.swift */ = {isa = PBXFileReference; lastKnownFileType = sourcecode.swift; path = GeometryReaderBootcamp.swift; sourceTree = "<group>"; };
		C12C523D28F2F00200F502D2 /* MultipleSheetsBootcamp.swift */ = {isa = PBXFileReference; lastKnownFileType = sourcecode.swift; path = MultipleSheetsBootcamp.swift; sourceTree = "<group>"; };
		C12C523F28F31FC400F502D2 /* MaskBootcamp.swift */ = {isa = PBXFileReference; lastKnownFileType = sourcecode.swift; path = MaskBootcamp.swift; sourceTree = "<group>"; };
		C12C524128F3DD3800F502D2 /* SoundBootcamp.swift */ = {isa = PBXFileReference; lastKnownFileType = sourcecode.swift; path = SoundBootcamp.swift; sourceTree = "<group>"; };
		C12C524328F3DF9100F502D2 /* early-morning-sounds.mp3 */ = {isa = PBXFileReference; lastKnownFileType = audio.mp3; path = "early-morning-sounds.mp3"; sourceTree = "<group>"; };
		C12C524528F3DFFE00F502D2 /* ringing-small-bell-sound-effect.mp3 */ = {isa = PBXFileReference; lastKnownFileType = audio.mp3; path = "ringing-small-bell-sound-effect.mp3"; sourceTree = "<group>"; };
		C12C524728F5589F00F502D2 /* HapticsBootcamp.swift */ = {isa = PBXFileReference; lastKnownFileType = sourcecode.swift; path = HapticsBootcamp.swift; sourceTree = "<group>"; };
		C12C524928F55A4D00F502D2 /* LocalNotificationBootcamp.swift */ = {isa = PBXFileReference; lastKnownFileType = sourcecode.swift; path = LocalNotificationBootcamp.swift; sourceTree = "<group>"; };
		C12C524B28F5601000F502D2 /* HashableBootcamp.swift */ = {isa = PBXFileReference; lastKnownFileType = sourcecode.swift; path = HashableBootcamp.swift; sourceTree = "<group>"; };
		C12C524D28F5624C00F502D2 /* ArraysBootcamp.swift */ = {isa = PBXFileReference; lastKnownFileType = sourcecode.swift; path = ArraysBootcamp.swift; sourceTree = "<group>"; };
		C13595A628F6F5CE00AEEAC5 /* CoreDataRelationshipBootcamp.swift */ = {isa = PBXFileReference; lastKnownFileType = sourcecode.swift; path = CoreDataRelationshipBootcamp.swift; sourceTree = "<group>"; };
		C17544CB290906BE00E94D71 /* CacheBootcamp.swift */ = {isa = PBXFileReference; lastKnownFileType = sourcecode.swift; path = CacheBootcamp.swift; sourceTree = "<group>"; };
		C195AF0C29076E9700C58BC7 /* DownloadWithCombineBootcamp.swift */ = {isa = PBXFileReference; lastKnownFileType = sourcecode.swift; path = DownloadWithCombineBootcamp.swift; sourceTree = "<group>"; };
		C195AF0E2907845D00C58BC7 /* Info.plist */ = {isa = PBXFileReference; lastKnownFileType = text.plist; path = Info.plist; sourceTree = "<group>"; };
		C195AF0F29078D7600C58BC7 /* TimerBootcamp.swift */ = {isa = PBXFileReference; lastKnownFileType = sourcecode.swift; path = TimerBootcamp.swift; sourceTree = "<group>"; };
		C195AF112907A87800C58BC7 /* SubscriberBootcamp.swift */ = {isa = PBXFileReference; lastKnownFileType = sourcecode.swift; path = SubscriberBootcamp.swift; sourceTree = "<group>"; };
		C195AF132907B97600C58BC7 /* FileManagerBootcamp.swift */ = {isa = PBXFileReference; lastKnownFileType = sourcecode.swift; path = FileManagerBootcamp.swift; sourceTree = "<group>"; };
		C1B4030D28FC5BDB000EDFC5 /* BackgroundThreadBootcamp.swift */ = {isa = PBXFileReference; lastKnownFileType = sourcecode.swift; path = BackgroundThreadBootcamp.swift; sourceTree = "<group>"; };
		C1B4030F28FCFA7C000EDFC5 /* WeakSelfBootcamp.swift */ = {isa = PBXFileReference; lastKnownFileType = sourcecode.swift; path = WeakSelfBootcamp.swift; sourceTree = "<group>"; };
		C1B4031128FD0A48000EDFC5 /* TypealiasBootcamp.swift */ = {isa = PBXFileReference; lastKnownFileType = sourcecode.swift; path = TypealiasBootcamp.swift; sourceTree = "<group>"; };
		C1B4031328FD0CFA000EDFC5 /* EscapingBootcamp.swift */ = {isa = PBXFileReference; lastKnownFileType = sourcecode.swift; path = EscapingBootcamp.swift; sourceTree = "<group>"; };
		C1B4031528FD2329000EDFC5 /* CodableBootcamp.swift */ = {isa = PBXFileReference; lastKnownFileType = sourcecode.swift; path = CodableBootcamp.swift; sourceTree = "<group>"; };
		C1CC088328FD41BB0048C712 /* DownloadWithEscapingBootcamp.swift */ = {isa = PBXFileReference; lastKnownFileType = sourcecode.swift; path = DownloadWithEscapingBootcamp.swift; sourceTree = "<group>"; };
/* End PBXFileReference section */

/* Begin PBXFrameworksBuildPhase section */
		C12C521B28F284C000F502D2 /* Frameworks */ = {
			isa = PBXFrameworksBuildPhase;
			buildActionMask = 2147483647;
			files = (
			);
			runOnlyForDeploymentPostprocessing = 0;
		};
/* End PBXFrameworksBuildPhase section */

/* Begin PBXGroup section */
		C12C521528F284C000F502D2 = {
			isa = PBXGroup;
			children = (
				C12C522028F284C000F502D2 /* ContinuedLearning */,
				C12C521F28F284C000F502D2 /* Products */,
			);
			sourceTree = "<group>";
		};
		C12C521F28F284C000F502D2 /* Products */ = {
			isa = PBXGroup;
			children = (
				C12C521E28F284C000F502D2 /* ContinuedLearning.app */,
			);
			name = Products;
			sourceTree = "<group>";
		};
		C12C522028F284C000F502D2 /* ContinuedLearning */ = {
			isa = PBXGroup;
			children = (
				C195AF0E2907845D00C58BC7 /* Info.plist */,
				C12C522128F284C000F502D2 /* ContinuedLearningApp.swift */,
				C12C522328F284C000F502D2 /* ContentView.swift */,
				C12C522F28F2851D00F502D2 /* LongPressGestureView.swift */,
				C12C523128F2B7A100F502D2 /* MagnificationGestureView.swift */,
				C12C523328F2BB4B00F502D2 /* RotationGestureView.swift */,
				C12C523528F2CBB400F502D2 /* DragGestureView.swift */,
				C12C523728F2E3EE00F502D2 /* DragGestureView2.swift */,
				C12C523928F2E8AD00F502D2 /* ScrollViewReaderBootcamp.swift */,
				C12C523B28F2EC4B00F502D2 /* GeometryReaderBootcamp.swift */,
				C12C523D28F2F00200F502D2 /* MultipleSheetsBootcamp.swift */,
				C12C523F28F31FC400F502D2 /* MaskBootcamp.swift */,
				C12C524128F3DD3800F502D2 /* SoundBootcamp.swift */,
				C12C524328F3DF9100F502D2 /* early-morning-sounds.mp3 */,
				C12C524528F3DFFE00F502D2 /* ringing-small-bell-sound-effect.mp3 */,
				C12C524728F5589F00F502D2 /* HapticsBootcamp.swift */,
				C12C524928F55A4D00F502D2 /* LocalNotificationBootcamp.swift */,
				C12C524B28F5601000F502D2 /* HashableBootcamp.swift */,
				C12C524D28F5624C00F502D2 /* ArraysBootcamp.swift */,
				C11A4F4428F6EDA800D2FF8F /* CoreDataBootcamp.swift */,
				C13595A628F6F5CE00AEEAC5 /* CoreDataRelationshipBootcamp.swift */,
				C1B4030D28FC5BDB000EDFC5 /* BackgroundThreadBootcamp.swift */,
				C1B4030F28FCFA7C000EDFC5 /* WeakSelfBootcamp.swift */,
				C1B4031128FD0A48000EDFC5 /* TypealiasBootcamp.swift */,
				C1B4031328FD0CFA000EDFC5 /* EscapingBootcamp.swift */,
				C1B4031528FD2329000EDFC5 /* CodableBootcamp.swift */,
				C1CC088328FD41BB0048C712 /* DownloadWithEscapingBootcamp.swift */,
				C195AF0C29076E9700C58BC7 /* DownloadWithCombineBootcamp.swift */,
				C195AF0F29078D7600C58BC7 /* TimerBootcamp.swift */,
				C195AF112907A87800C58BC7 /* SubscriberBootcamp.swift */,
				C195AF132907B97600C58BC7 /* FileManagerBootcamp.swift */,
				C17544CB290906BE00E94D71 /* CacheBootcamp.swift */,
				C11A4F4628F6EE8C00D2FF8F /* FruitContainer.xcdatamodeld */,
				C12C522528F284C400F502D2 /* Assets.xcassets */,
				C12C522728F284C400F502D2 /* Preview Content */,
			);
			path = ContinuedLearning;
			sourceTree = "<group>";
		};
		C12C522728F284C400F502D2 /* Preview Content */ = {
			isa = PBXGroup;
			children = (
				C12C522828F284C400F502D2 /* Preview Assets.xcassets */,
			);
			path = "Preview Content";
			sourceTree = "<group>";
		};
/* End PBXGroup section */

/* Begin PBXNativeTarget section */
		C12C521D28F284C000F502D2 /* ContinuedLearning */ = {
			isa = PBXNativeTarget;
			buildConfigurationList = C12C522C28F284C400F502D2 /* Build configuration list for PBXNativeTarget "ContinuedLearning" */;
			buildPhases = (
				C12C521A28F284C000F502D2 /* Sources */,
				C12C521B28F284C000F502D2 /* Frameworks */,
				C12C521C28F284C000F502D2 /* Resources */,
			);
			buildRules = (
			);
			dependencies = (
			);
			name = ContinuedLearning;
			productName = ContinuedLearning;
			productReference = C12C521E28F284C000F502D2 /* ContinuedLearning.app */;
			productType = "com.apple.product-type.application";
		};
/* End PBXNativeTarget section */

/* Begin PBXProject section */
		C12C521628F284C000F502D2 /* Project object */ = {
			isa = PBXProject;
			attributes = {
				BuildIndependentTargetsInParallel = 1;
				LastSwiftUpdateCheck = 1400;
				LastUpgradeCheck = 1400;
				TargetAttributes = {
					C12C521D28F284C000F502D2 = {
						CreatedOnToolsVersion = 14.0.1;
					};
				};
			};
			buildConfigurationList = C12C521928F284C000F502D2 /* Build configuration list for PBXProject "ContinuedLearning" */;
			compatibilityVersion = "Xcode 14.0";
			developmentRegion = en;
			hasScannedForEncodings = 0;
			knownRegions = (
				en,
				Base,
			);
			mainGroup = C12C521528F284C000F502D2;
			productRefGroup = C12C521F28F284C000F502D2 /* Products */;
			projectDirPath = "";
			projectRoot = "";
			targets = (
				C12C521D28F284C000F502D2 /* ContinuedLearning */,
			);
		};
/* End PBXProject section */

/* Begin PBXResourcesBuildPhase section */
		C12C521C28F284C000F502D2 /* Resources */ = {
			isa = PBXResourcesBuildPhase;
			buildActionMask = 2147483647;
			files = (
				C12C522928F284C400F502D2 /* Preview Assets.xcassets in Resources */,
				C12C524628F3DFFF00F502D2 /* ringing-small-bell-sound-effect.mp3 in Resources */,
				C12C522628F284C400F502D2 /* Assets.xcassets in Resources */,
				C12C524428F3DF9200F502D2 /* early-morning-sounds.mp3 in Resources */,
			);
			runOnlyForDeploymentPostprocessing = 0;
		};
/* End PBXResourcesBuildPhase section */

/* Begin PBXSourcesBuildPhase section */
		C12C521A28F284C000F502D2 /* Sources */ = {
			isa = PBXSourcesBuildPhase;
			buildActionMask = 2147483647;
			files = (
				C12C524C28F5601100F502D2 /* HashableBootcamp.swift in Sources */,
				C12C523228F2B7A100F502D2 /* MagnificationGestureView.swift in Sources */,
				C17544CC290906BE00E94D71 /* CacheBootcamp.swift in Sources */,
				C195AF142907B97600C58BC7 /* FileManagerBootcamp.swift in Sources */,
				C12C524028F31FC400F502D2 /* MaskBootcamp.swift in Sources */,
				C1CC088428FD41BB0048C712 /* DownloadWithEscapingBootcamp.swift in Sources */,
				C13595A728F6F5CE00AEEAC5 /* CoreDataRelationshipBootcamp.swift in Sources */,
				C11A4F4528F6EDA800D2FF8F /* CoreDataBootcamp.swift in Sources */,
				C195AF0D29076E9700C58BC7 /* DownloadWithCombineBootcamp.swift in Sources */,
				C12C523428F2BB4B00F502D2 /* RotationGestureView.swift in Sources */,
				C12C522428F284C000F502D2 /* ContentView.swift in Sources */,
				C11A4F4828F6EE8C00D2FF8F /* FruitContainer.xcdatamodeld in Sources */,
				C12C523A28F2E8AD00F502D2 /* ScrollViewReaderBootcamp.swift in Sources */,
				C1B4031228FD0A48000EDFC5 /* TypealiasBootcamp.swift in Sources */,
				C12C524E28F5624C00F502D2 /* ArraysBootcamp.swift in Sources */,
				C12C524A28F55A4D00F502D2 /* LocalNotificationBootcamp.swift in Sources */,
				C12C523E28F2F00200F502D2 /* MultipleSheetsBootcamp.swift in Sources */,
				C1B4031028FCFA7C000EDFC5 /* WeakSelfBootcamp.swift in Sources */,
				C195AF122907A87800C58BC7 /* SubscriberBootcamp.swift in Sources */,
				C12C523028F2851D00F502D2 /* LongPressGestureView.swift in Sources */,
				C12C523828F2E3EE00F502D2 /* DragGestureView2.swift in Sources */,
				C1B4030E28FC5BDB000EDFC5 /* BackgroundThreadBootcamp.swift in Sources */,
				C12C524228F3DD3800F502D2 /* SoundBootcamp.swift in Sources */,
				C12C523C28F2EC4B00F502D2 /* GeometryReaderBootcamp.swift in Sources */,
				C12C524828F5589F00F502D2 /* HapticsBootcamp.swift in Sources */,
				C1B4031428FD0CFA000EDFC5 /* EscapingBootcamp.swift in Sources */,
				C12C523628F2CBB400F502D2 /* DragGestureView.swift in Sources */,
				C12C522228F284C000F502D2 /* ContinuedLearningApp.swift in Sources */,
				C1B4031628FD2329000EDFC5 /* CodableBootcamp.swift in Sources */,
				C195AF1029078D7600C58BC7 /* TimerBootcamp.swift in Sources */,
			);
			runOnlyForDeploymentPostprocessing = 0;
		};
/* End PBXSourcesBuildPhase section */

/* Begin XCBuildConfiguration section */
		C12C522A28F284C400F502D2 /* Debug */ = {
			isa = XCBuildConfiguration;
			buildSettings = {
				ALWAYS_SEARCH_USER_PATHS = NO;
				CLANG_ANALYZER_NONNULL = YES;
				CLANG_ANALYZER_NUMBER_OBJECT_CONVERSION = YES_AGGRESSIVE;
				CLANG_CXX_LANGUAGE_STANDARD = "gnu++20";
				CLANG_ENABLE_MODULES = YES;
				CLANG_ENABLE_OBJC_ARC = YES;
				CLANG_ENABLE_OBJC_WEAK = YES;
				CLANG_WARN_BLOCK_CAPTURE_AUTORELEASING = YES;
				CLANG_WARN_BOOL_CONVERSION = YES;
				CLANG_WARN_COMMA = YES;
				CLANG_WARN_CONSTANT_CONVERSION = YES;
				CLANG_WARN_DEPRECATED_OBJC_IMPLEMENTATIONS = YES;
				CLANG_WARN_DIRECT_OBJC_ISA_USAGE = YES_ERROR;
				CLANG_WARN_DOCUMENTATION_COMMENTS = YES;
				CLANG_WARN_EMPTY_BODY = YES;
				CLANG_WARN_ENUM_CONVERSION = YES;
				CLANG_WARN_INFINITE_RECURSION = YES;
				CLANG_WARN_INT_CONVERSION = YES;
				CLANG_WARN_NON_LITERAL_NULL_CONVERSION = YES;
				CLANG_WARN_OBJC_IMPLICIT_RETAIN_SELF = YES;
				CLANG_WARN_OBJC_LITERAL_CONVERSION = YES;
				CLANG_WARN_OBJC_ROOT_CLASS = YES_ERROR;
				CLANG_WARN_QUOTED_INCLUDE_IN_FRAMEWORK_HEADER = YES;
				CLANG_WARN_RANGE_LOOP_ANALYSIS = YES;
				CLANG_WARN_STRICT_PROTOTYPES = YES;
				CLANG_WARN_SUSPICIOUS_MOVE = YES;
				CLANG_WARN_UNGUARDED_AVAILABILITY = YES_AGGRESSIVE;
				CLANG_WARN_UNREACHABLE_CODE = YES;
				CLANG_WARN__DUPLICATE_METHOD_MATCH = YES;
				COPY_PHASE_STRIP = NO;
				DEBUG_INFORMATION_FORMAT = dwarf;
				ENABLE_STRICT_OBJC_MSGSEND = YES;
				ENABLE_TESTABILITY = YES;
				GCC_C_LANGUAGE_STANDARD = gnu11;
				GCC_DYNAMIC_NO_PIC = NO;
				GCC_NO_COMMON_BLOCKS = YES;
				GCC_OPTIMIZATION_LEVEL = 0;
				GCC_PREPROCESSOR_DEFINITIONS = (
					"DEBUG=1",
					"$(inherited)",
				);
				GCC_WARN_64_TO_32_BIT_CONVERSION = YES;
				GCC_WARN_ABOUT_RETURN_TYPE = YES_ERROR;
				GCC_WARN_UNDECLARED_SELECTOR = YES;
				GCC_WARN_UNINITIALIZED_AUTOS = YES_AGGRESSIVE;
				GCC_WARN_UNUSED_FUNCTION = YES;
				GCC_WARN_UNUSED_VARIABLE = YES;
				IPHONEOS_DEPLOYMENT_TARGET = 16.0;
				MTL_ENABLE_DEBUG_INFO = INCLUDE_SOURCE;
				MTL_FAST_MATH = YES;
				ONLY_ACTIVE_ARCH = YES;
				SDKROOT = iphoneos;
				SWIFT_ACTIVE_COMPILATION_CONDITIONS = DEBUG;
				SWIFT_OPTIMIZATION_LEVEL = "-Onone";
			};
			name = Debug;
		};
		C12C522B28F284C400F502D2 /* Release */ = {
			isa = XCBuildConfiguration;
			buildSettings = {
				ALWAYS_SEARCH_USER_PATHS = NO;
				CLANG_ANALYZER_NONNULL = YES;
				CLANG_ANALYZER_NUMBER_OBJECT_CONVERSION = YES_AGGRESSIVE;
				CLANG_CXX_LANGUAGE_STANDARD = "gnu++20";
				CLANG_ENABLE_MODULES = YES;
				CLANG_ENABLE_OBJC_ARC = YES;
				CLANG_ENABLE_OBJC_WEAK = YES;
				CLANG_WARN_BLOCK_CAPTURE_AUTORELEASING = YES;
				CLANG_WARN_BOOL_CONVERSION = YES;
				CLANG_WARN_COMMA = YES;
				CLANG_WARN_CONSTANT_CONVERSION = YES;
				CLANG_WARN_DEPRECATED_OBJC_IMPLEMENTATIONS = YES;
				CLANG_WARN_DIRECT_OBJC_ISA_USAGE = YES_ERROR;
				CLANG_WARN_DOCUMENTATION_COMMENTS = YES;
				CLANG_WARN_EMPTY_BODY = YES;
				CLANG_WARN_ENUM_CONVERSION = YES;
				CLANG_WARN_INFINITE_RECURSION = YES;
				CLANG_WARN_INT_CONVERSION = YES;
				CLANG_WARN_NON_LITERAL_NULL_CONVERSION = YES;
				CLANG_WARN_OBJC_IMPLICIT_RETAIN_SELF = YES;
				CLANG_WARN_OBJC_LITERAL_CONVERSION = YES;
				CLANG_WARN_OBJC_ROOT_CLASS = YES_ERROR;
				CLANG_WARN_QUOTED_INCLUDE_IN_FRAMEWORK_HEADER = YES;
				CLANG_WARN_RANGE_LOOP_ANALYSIS = YES;
				CLANG_WARN_STRICT_PROTOTYPES = YES;
				CLANG_WARN_SUSPICIOUS_MOVE = YES;
				CLANG_WARN_UNGUARDED_AVAILABILITY = YES_AGGRESSIVE;
				CLANG_WARN_UNREACHABLE_CODE = YES;
				CLANG_WARN__DUPLICATE_METHOD_MATCH = YES;
				COPY_PHASE_STRIP = NO;
				DEBUG_INFORMATION_FORMAT = "dwarf-with-dsym";
				ENABLE_NS_ASSERTIONS = NO;
				ENABLE_STRICT_OBJC_MSGSEND = YES;
				GCC_C_LANGUAGE_STANDARD = gnu11;
				GCC_NO_COMMON_BLOCKS = YES;
				GCC_WARN_64_TO_32_BIT_CONVERSION = YES;
				GCC_WARN_ABOUT_RETURN_TYPE = YES_ERROR;
				GCC_WARN_UNDECLARED_SELECTOR = YES;
				GCC_WARN_UNINITIALIZED_AUTOS = YES_AGGRESSIVE;
				GCC_WARN_UNUSED_FUNCTION = YES;
				GCC_WARN_UNUSED_VARIABLE = YES;
				IPHONEOS_DEPLOYMENT_TARGET = 16.0;
				MTL_ENABLE_DEBUG_INFO = NO;
				MTL_FAST_MATH = YES;
				SDKROOT = iphoneos;
				SWIFT_COMPILATION_MODE = wholemodule;
				SWIFT_OPTIMIZATION_LEVEL = "-O";
				VALIDATE_PRODUCT = YES;
			};
			name = Release;
		};
		C12C522D28F284C400F502D2 /* Debug */ = {
			isa = XCBuildConfiguration;
			buildSettings = {
				ASSETCATALOG_COMPILER_APPICON_NAME = AppIcon;
				ASSETCATALOG_COMPILER_GLOBAL_ACCENT_COLOR_NAME = AccentColor;
				CODE_SIGN_STYLE = Automatic;
				CURRENT_PROJECT_VERSION = 1;
				DEVELOPMENT_ASSET_PATHS = "\"ContinuedLearning/Preview Content\"";
				ENABLE_PREVIEWS = YES;
				GENERATE_INFOPLIST_FILE = YES;
				INFOPLIST_FILE = ContinuedLearning/Info.plist;
				INFOPLIST_KEY_UIApplicationSceneManifest_Generation = YES;
				INFOPLIST_KEY_UIApplicationSupportsIndirectInputEvents = YES;
				INFOPLIST_KEY_UILaunchScreen_Generation = YES;
				INFOPLIST_KEY_UISupportedInterfaceOrientations_iPad = "UIInterfaceOrientationPortrait UIInterfaceOrientationPortraitUpsideDown UIInterfaceOrientationLandscapeLeft UIInterfaceOrientationLandscapeRight";
				INFOPLIST_KEY_UISupportedInterfaceOrientations_iPhone = "UIInterfaceOrientationPortrait UIInterfaceOrientationLandscapeLeft UIInterfaceOrientationLandscapeRight";
				LD_RUNPATH_SEARCH_PATHS = (
					"$(inherited)",
					"@executable_path/Frameworks",
				);
				MARKETING_VERSION = 1.0;
				PRODUCT_BUNDLE_IDENTIFIER = com.thlee.ContinuedLearning;
				PRODUCT_NAME = "$(TARGET_NAME)";
				SWIFT_EMIT_LOC_STRINGS = YES;
				SWIFT_VERSION = 5.0;
				TARGETED_DEVICE_FAMILY = "1,2";
			};
			name = Debug;
		};
		C12C522E28F284C400F502D2 /* Release */ = {
			isa = XCBuildConfiguration;
			buildSettings = {
				ASSETCATALOG_COMPILER_APPICON_NAME = AppIcon;
				ASSETCATALOG_COMPILER_GLOBAL_ACCENT_COLOR_NAME = AccentColor;
				CODE_SIGN_STYLE = Automatic;
				CURRENT_PROJECT_VERSION = 1;
				DEVELOPMENT_ASSET_PATHS = "\"ContinuedLearning/Preview Content\"";
				ENABLE_PREVIEWS = YES;
				GENERATE_INFOPLIST_FILE = YES;
				INFOPLIST_FILE = ContinuedLearning/Info.plist;
				INFOPLIST_KEY_UIApplicationSceneManifest_Generation = YES;
				INFOPLIST_KEY_UIApplicationSupportsIndirectInputEvents = YES;
				INFOPLIST_KEY_UILaunchScreen_Generation = YES;
				INFOPLIST_KEY_UISupportedInterfaceOrientations_iPad = "UIInterfaceOrientationPortrait UIInterfaceOrientationPortraitUpsideDown UIInterfaceOrientationLandscapeLeft UIInterfaceOrientationLandscapeRight";
				INFOPLIST_KEY_UISupportedInterfaceOrientations_iPhone = "UIInterfaceOrientationPortrait UIInterfaceOrientationLandscapeLeft UIInterfaceOrientationLandscapeRight";
				LD_RUNPATH_SEARCH_PATHS = (
					"$(inherited)",
					"@executable_path/Frameworks",
				);
				MARKETING_VERSION = 1.0;
				PRODUCT_BUNDLE_IDENTIFIER = com.thlee.ContinuedLearning;
				PRODUCT_NAME = "$(TARGET_NAME)";
				SWIFT_EMIT_LOC_STRINGS = YES;
				SWIFT_VERSION = 5.0;
				TARGETED_DEVICE_FAMILY = "1,2";
			};
			name = Release;
		};
/* End XCBuildConfiguration section */

/* Begin XCConfigurationList section */
		C12C521928F284C000F502D2 /* Build configuration list for PBXProject "ContinuedLearning" */ = {
			isa = XCConfigurationList;
			buildConfigurations = (
				C12C522A28F284C400F502D2 /* Debug */,
				C12C522B28F284C400F502D2 /* Release */,
			);
			defaultConfigurationIsVisible = 0;
			defaultConfigurationName = Release;
		};
		C12C522C28F284C400F502D2 /* Build configuration list for PBXNativeTarget "ContinuedLearning" */ = {
			isa = XCConfigurationList;
			buildConfigurations = (
				C12C522D28F284C400F502D2 /* Debug */,
				C12C522E28F284C400F502D2 /* Release */,
			);
			defaultConfigurationIsVisible = 0;
			defaultConfigurationName = Release;
		};
/* End XCConfigurationList section */

/* Begin XCVersionGroup section */
		C11A4F4628F6EE8C00D2FF8F /* FruitContainer.xcdatamodeld */ = {
			isa = XCVersionGroup;
			children = (
				C11A4F4728F6EE8C00D2FF8F /* FruitContainer.xcdatamodel */,
			);
			currentVersion = C11A4F4728F6EE8C00D2FF8F /* FruitContainer.xcdatamodel */;
			path = FruitContainer.xcdatamodeld;
			sourceTree = "<group>";
			versionGroupType = wrapper.xcdatamodel;
		};
/* End XCVersionGroup section */
	};
	rootObject = C12C521628F284C000F502D2 /* Project object */;
}
